{
  "lockfileVersion": 1,
  "configVersion": 1,
  "workspaces": {
    "": {
      "name": "@ovencord/hybrid-sharding",
      "devDependencies": {
        "@biomejs/biome": "2.4.8",
        "@ovencord/discord.js": "latest",
        "@types/bun": "latest",
        "redis": "^5.10.0",
        "typescript": "^5.9.3",
      },
      "peerDependencies": {
        "@ovencord/discord.js": ">=14.16.0",
        "redis": "^5.0.0",
      },
      "optionalPeers": [
        "redis",
      ],
    },
  },
  "packages": {
    "@biomejs/biome": ["@biomejs/biome@2.4.8", "", { "optionalDependencies": { "@biomejs/cli-darwin-arm64": "2.4.8", "@biomejs/cli-darwin-x64": "2.4.8", "@biomejs/cli-linux-arm64": "2.4.8", "@biomejs/cli-linux-arm64-musl": "2.4.8", "@biomejs/cli-linux-x64": "2.4.8", "@biomejs/cli-linux-x64-musl": "2.4.8", "@biomejs/cli-win32-arm64": "2.4.8", "@biomejs/cli-win32-x64": "2.4.8" }, "bin": { "biome": "bin/biome" } }, "sha512-ponn0oKOky1oRXBV+rlSaUlixUxf1aZvWC19Z41zBfUOUesthrQqL3OtiAlSB1EjFjyWpn98Q64DHelhA6jNlA=="],

    "@biomejs/cli-darwin-arm64": ["@biomejs/cli-darwin-arm64@2.4.8", "", { "os": "darwin", "cpu": "arm64" }, "sha512-ARx0tECE8I7S2C2yjnWYLNbBdDoPdq3oyNLhMglmuctThwUsuzFWRKrHmIGwIRWKz0Mat9DuzLEDp52hGnrxGQ=="],

    "@biomejs/cli-darwin-x64": ["@biomejs/cli-darwin-x64@2.4.8", "", { "os": "darwin", "cpu": "x64" }, "sha512-Jg9/PsB9vDCJlANE8uhG7qDhb5w0Ix69D7XIIc8IfZPUoiPrbLm33k2Ig3NOJ/7nb3UbesFz3D1aDKm9DvzjhQ=="],

    "@biomejs/cli-linux-arm64": ["@biomejs/cli-linux-arm64@2.4.8", "", { "os": "linux", "cpu": "arm64" }, "sha512-5CdrsJct76XG2hpKFwXnEtlT1p+4g4yV+XvvwBpzKsTNLO9c6iLlAxwcae2BJ7ekPGWjNGw9j09T5KGPKKxQig=="],

    "@biomejs/cli-linux-arm64-musl": ["@biomejs/cli-linux-arm64-musl@2.4.8", "", { "os": "linux", "cpu": "arm64" }, "sha512-Zo9OhBQDJ3IBGPlqHiTISloo5H0+FBIpemqIJdW/0edJ+gEcLR+MZeZozcUyz3o1nXkVA7++DdRKQT0599j9jA=="],

    "@biomejs/cli-linux-x64": ["@biomejs/cli-linux-x64@2.4.8", "", { "os": "linux", "cpu": "x64" }, "sha512-PdKXspVEaMCQLjtZCn6vfSck/li4KX9KGwSDbZdgIqlrizJ2MnMcE3TvHa2tVfXNmbjMikzcfJpuPWH695yJrw=="],

    "@biomejs/cli-linux-x64-musl": ["@biomejs/cli-linux-x64-musl@2.4.8", "", { "os": "linux", "cpu": "x64" }, "sha512-Gi8quv8MEuDdKaPFtS2XjEnMqODPsRg6POT6KhoP+VrkNb+T2ywunVB+TvOU0LX1jAZzfBr+3V1mIbBhzAMKvw=="],

    "@biomejs/cli-win32-arm64": ["@biomejs/cli-win32-arm64@2.4.8", "", { "os": "win32", "cpu": "arm64" }, "sha512-LoFatS0tnHv6KkCVpIy3qZCih+MxUMvdYiPWLHRri7mhi2vyOOs8OrbZBcLTUEWCS+ktO72nZMy4F96oMhkOHQ=="],

    "@biomejs/cli-win32-x64": ["@biomejs/cli-win32-x64@2.4.8", "", { "os": "win32", "cpu": "x64" }, "sha512-vAn7iXDoUbqFXqVocuq1sMYAd33p8+mmurqJkWl6CtIhobd/O6moe4rY5AJvzbunn/qZCdiDVcveqtkFh1e7Hg=="],

    "@ovencord/builders": ["@ovencord/builders@1.13.2", "", { "dependencies": { "@ovencord/util": "^1.10.0", "discord-api-types": "^0.38.40", "ts-mixer": "^6.0.4", "zod": "^4.3.6" } }, "sha512-R0hT/xbE/08O8m1HJ1JGXDUi9hvHS0ADjZrI6JN3Jwlm5MoQwppnUhieCoGKtVTHY/Na+3xP2EzEQEVsVqMncw=="],

    "@ovencord/collection": ["@ovencord/collection@2.1.4", "", {}, "sha512-uUsZvbQvd8nlYupmuDGppXZU0jlUcXgy/z3A4r1kip7gtj4OTv54uv9H/R27GpDV2jWr5CkpA9t+XcwerVOflQ=="],

    "@ovencord/discord.js": ["@ovencord/discord.js@14.16.53", "", { "dependencies": { "@ovencord/builders": "^1.13.2", "@ovencord/collection": "^2.1.4", "@ovencord/formatters": "^0.6.4", "@ovencord/rest": "^2.6.1", "@ovencord/util": "^1.10.0", "@ovencord/ws": "^2.0.8", "discord-api-types": "^0.38.40" } }, "sha512-j5/9VMHexrHymwPTK/quf9Y3Q1MMJ7psq3mZYBksdAoZQwDp7Bk+rpN+Y4U2Vk/7ARm1aITxNQJxMTKzw0hdMg=="],

    "@ovencord/formatters": ["@ovencord/formatters@0.6.4", "", { "dependencies": { "discord-api-types": "^0.38.40" } }, "sha512-qpe70Dte6WfUmwqLHzIFtYjZShbLzPNg7LV6TioAl+hEGeQ3+64EXbXBdphVSmxndEgpnfeRJoraHFgdQXkQ9Q=="],

    "@ovencord/rest": ["@ovencord/rest@2.6.1", "", { "dependencies": { "@ovencord/collection": "^2.1.4", "@ovencord/util": "^1.10.0", "discord-api-types": "^0.38.40" } }, "sha512-CZNPtis6xMmMwuAKHUQbmWoErqI38LpNJ7dv/YYPVapzL6uW4N/ru7IlQB5oDGf0dzQbiMjwzqVj946n3y0AYg=="],

    "@ovencord/util": ["@ovencord/util@1.10.0", "", { "dependencies": { "discord-api-types": "^0.38.40" } }, "sha512-5XIqI4waLWmD9HieN2QLDl7OCZ5X1MJ2EJ6NZy7KcVVElI/LOsxtTCKKfBzdfWyxzbjKKtKnIDY+j9zjBSRNwA=="],

    "@ovencord/ws": ["@ovencord/ws@2.0.8", "", { "dependencies": { "@ovencord/collection": "^2.1.4", "@ovencord/util": "^1.10.0", "discord-api-types": "^0.38.40" } }, "sha512-m4WNw8+PfYUcB7ck7phKk4MAdWv1/RgU0z3nLSWjRTMY60xbi+EEa2EgF/lIhhEyvavQsT8PT+lykwfXZcFCfQ=="],

    "@redis/bloom": ["@redis/bloom@5.11.0", "", { "peerDependencies": { "@redis/client": "^5.11.0" } }, "sha512-KYiVilAhAFN3057afUb/tfYJpsEyTkQB+tQcn5gVVA7DgcNOAj8lLxe4j8ov8BF6I9C1Fe/kwlbuAICcTMX8Lw=="],

    "@redis/client": ["@redis/client@5.11.0", "", { "dependencies": { "cluster-key-slot": "1.1.2" }, "peerDependencies": { "@node-rs/xxhash": "^1.1.0" }, "optionalPeers": ["@node-rs/xxhash"] }, "sha512-GHoprlNQD51Xq2Ztd94HHV94MdFZQ3CVrpA04Fz8MVoHM0B7SlbmPEVIjwTbcv58z8QyjnrOuikS0rWF03k5dQ=="],

    "@redis/json": ["@redis/json@5.11.0", "", { "peerDependencies": { "@redis/client": "^5.11.0" } }, "sha512-1iAy9kAtcD0quB21RbPTbUqqy+T2Uu2JxucwE+B4A+VaDbIRvpZR6DMqV8Iqaws2YxJYB3GC5JVNzPYio2ErUg=="],

    "@redis/search": ["@redis/search@5.11.0", "", { "peerDependencies": { "@redis/client": "^5.11.0" } }, "sha512-g1l7f3Rnyk/xI99oGHIgWHSKFl45Re5YTIcO8j/JE8olz389yUFyz2+A6nqVy/Zi031VgPDWscbbgOk8hlhZ3g=="],

    "@redis/time-series": ["@redis/time-series@5.11.0", "", { "peerDependencies": { "@redis/client": "^5.11.0" } }, "sha512-TWFeOcU4xkj0DkndnOyhtxvX1KWD+78UHT3XX3x3XRBUGWeQrKo3jqzDsZwxbggUgf9yLJr/akFHXru66X5UQA=="],

    "@types/bun": ["@types/bun@1.3.11", "", { "dependencies": { "bun-types": "1.3.11" } }, "sha512-5vPne5QvtpjGpsGYXiFyycfpDF2ECyPcTSsFBMa0fraoxiQyMJ3SmuQIGhzPg2WJuWxVBoxWJ2kClYTcw/4fAg=="],

    "@types/node": ["@types/node@25.5.0", "", { "dependencies": { "undici-types": "~7.18.0" } }, "sha512-jp2P3tQMSxWugkCUKLRPVUpGaL5MVFwF8RDuSRztfwgN1wmqJeMSbKlnEtQqU8UrhTmzEmZdu2I6v2dpp7XIxw=="],

    "bun-types": ["bun-types@1.3.11", "", { "dependencies": { "@types/node": "*" } }, "sha512-1KGPpoxQWl9f6wcZh57LvrPIInQMn2TQ7jsgxqpRzg+l0QPOFvJVH7HmvHo/AiPgwXy+/Thf6Ov3EdVn1vOabg=="],

    "cluster-key-slot": ["cluster-key-slot@1.1.2", "", {}, "sha512-RMr0FhtfXemyinomL4hrWcYJxmX6deFdCxpJzhDttxgO1+bcCnkk+9drydLVDmAMG7NE6aN/fl4F7ucU/90gAA=="],

    "discord-api-types": ["discord-api-types@0.38.42", "", {}, "sha512-qs1kya7S84r5RR8m9kgttywGrmmoHaRifU1askAoi+wkoSefLpZP6aGXusjNw5b0jD3zOg3LTwUa3Tf2iHIceQ=="],

    "redis": ["redis@5.11.0", "", { "dependencies": { "@redis/bloom": "5.11.0", "@redis/client": "5.11.0", "@redis/json": "5.11.0", "@redis/search": "5.11.0", "@redis/time-series": "5.11.0" } }, "sha512-YwXjATVDT+AuxcyfOwZn046aml9jMlQPvU1VXIlLDVAExe0u93aTfPYSeRgG4p9Q/Jlkj+LXJ1XEoFV+j2JKcQ=="],

    "ts-mixer": ["ts-mixer@6.0.4", "", {}, "sha512-ufKpbmrugz5Aou4wcr5Wc1UUFWOLhq+Fm6qa6P0w0K5Qw2yhaUoiWszhCVuNQyNwrlGiscHOmqYoAox1PtvgjA=="],

    "typescript": ["typescript@5.9.3", "", { "bin": { "tsc": "bin/tsc", "tsserver": "bin/tsserver" } }, "sha512-jl1vZzPDinLr9eUt3J/t7V6FgNEw9QjvBPdysz9KfQDD41fQrC2Y4vKQdiaUpFT4bXlb1RHhLpp8wtm6M5TgSw=="],

    "undici-types": ["undici-types@7.18.2", "", {}, "sha512-AsuCzffGHJybSaRrmr5eHr81mwJU3kjw6M+uprWvCXiNeN9SOGwQ3Jn8jb8m3Z6izVgknn1R0FTCEAP2QrLY/w=="],

    "zod": ["zod@4.3.6", "", {}, "sha512-rftlrkhHZOcjDwkGlnUtZZkvaPHCsDATp4pGpuOOMDaTdDDXF91wuVDJoWoPsKX/3YPQ5fHuF3STjcYyKr+Qhg=="],
  }
}
